// !$*UTF8*$!
{
	archiveVersion = 1;
	classes = {
	};
	objectVersion = 56;
	objects = {

/* Begin PBXBuildFile section */
		B2E498AC2CD8D6FB004D7110 /* ChatzApp.swift in Sources */ = {isa = PBXBuildFile; fileRef = B2E498AB2CD8D6FB004D7110 /* ChatzApp.swift */; };
		B2E498AE2CD8D6FB004D7110 /* ContentView.swift in Sources */ = {isa = PBXBuildFile; fileRef = B2E498AD2CD8D6FB004D7110 /* ContentView.swift */; };
		B2E498B02CD8D6FC004D7110 /* Assets.xcassets in Resources */ = {isa = PBXBuildFile; fileRef = B2E498AF2CD8D6FC004D7110 /* Assets.xcassets */; };
		B2E498B32CD8D6FC004D7110 /* Preview Assets.xcassets in Resources */ = {isa = PBXBuildFile; fileRef = B2E498B22CD8D6FC004D7110 /* Preview Assets.xcassets */; };
		B2E498BB2CD8DB88004D7110 /* FirebaseAnalytics in Frameworks */ = {isa = PBXBuildFile; productRef = B2E498BA2CD8DB88004D7110 /* FirebaseAnalytics */; };
		B2E498BD2CD8DB88004D7110 /* FirebaseAnalyticsOnDeviceConversion in Frameworks */ = {isa = PBXBuildFile; productRef = B2E498BC2CD8DB88004D7110 /* FirebaseAnalyticsOnDeviceConversion */; };
		B2E498BF2CD8DB88004D7110 /* FirebaseAnalyticsWithoutAdIdSupport in Frameworks */ = {isa = PBXBuildFile; productRef = B2E498BE2CD8DB88004D7110 /* FirebaseAnalyticsWithoutAdIdSupport */; };
		B2E498C12CD8DB88004D7110 /* FirebaseAppCheck in Frameworks */ = {isa = PBXBuildFile; productRef = B2E498C02CD8DB88004D7110 /* FirebaseAppCheck */; };
		B2E498C32CD8DB88004D7110 /* FirebaseAppDistribution-Beta in Frameworks */ = {isa = PBXBuildFile; productRef = B2E498C22CD8DB88004D7110 /* FirebaseAppDistribution-Beta */; };
		B2E498C52CD8DB88004D7110 /* FirebaseAuth in Frameworks */ = {isa = PBXBuildFile; productRef = B2E498C42CD8DB88004D7110 /* FirebaseAuth */; };
		B2E498C72CD8DB88004D7110 /* FirebaseAuthCombine-Community in Frameworks */ = {isa = PBXBuildFile; productRef = B2E498C62CD8DB88004D7110 /* FirebaseAuthCombine-Community */; };
		B2E498C92CD8DB88004D7110 /* FirebaseCore in Frameworks */ = {isa = PBXBuildFile; productRef = B2E498C82CD8DB88004D7110 /* FirebaseCore */; };
		B2E498CB2CD8DB88004D7110 /* FirebaseCrashlytics in Frameworks */ = {isa = PBXBuildFile; productRef = B2E498CA2CD8DB88004D7110 /* FirebaseCrashlytics */; };
		B2E498CD2CD8DB88004D7110 /* FirebaseDatabase in Frameworks */ = {isa = PBXBuildFile; productRef = B2E498CC2CD8DB88004D7110 /* FirebaseDatabase */; };
		B2E498CF2CD8DB88004D7110 /* FirebaseDynamicLinks in Frameworks */ = {isa = PBXBuildFile; productRef = B2E498CE2CD8DB88004D7110 /* FirebaseDynamicLinks */; };
		B2E498D12CD8DB88004D7110 /* FirebaseFirestore in Frameworks */ = {isa = PBXBuildFile; productRef = B2E498D02CD8DB88004D7110 /* FirebaseFirestore */; };
		B2E498D32CD8DB88004D7110 /* FirebaseFirestoreCombine-Community in Frameworks */ = {isa = PBXBuildFile; productRef = B2E498D22CD8DB88004D7110 /* FirebaseFirestoreCombine-Community */; };
		B2E498D52CD8DB88004D7110 /* FirebaseFunctions in Frameworks */ = {isa = PBXBuildFile; productRef = B2E498D42CD8DB88004D7110 /* FirebaseFunctions */; };
		B2E498D72CD8DB88004D7110 /* FirebaseFunctionsCombine-Community in Frameworks */ = {isa = PBXBuildFile; productRef = B2E498D62CD8DB88004D7110 /* FirebaseFunctionsCombine-Community */; };
		B2E498D92CD8DB88004D7110 /* FirebaseInAppMessaging-Beta in Frameworks */ = {isa = PBXBuildFile; productRef = B2E498D82CD8DB88004D7110 /* FirebaseInAppMessaging-Beta */; };
		B2E498DB2CD8DB89004D7110 /* FirebaseInstallations in Frameworks */ = {isa = PBXBuildFile; productRef = B2E498DA2CD8DB89004D7110 /* FirebaseInstallations */; };
		B2E498DD2CD8DB89004D7110 /* FirebaseMLModelDownloader in Frameworks */ = {isa = PBXBuildFile; productRef = B2E498DC2CD8DB89004D7110 /* FirebaseMLModelDownloader */; };
		B2E498DF2CD8DB89004D7110 /* FirebaseMessaging in Frameworks */ = {isa = PBXBuildFile; productRef = B2E498DE2CD8DB89004D7110 /* FirebaseMessaging */; };
		B2E498E12CD8DB89004D7110 /* FirebasePerformance in Frameworks */ = {isa = PBXBuildFile; productRef = B2E498E02CD8DB89004D7110 /* FirebasePerformance */; };
		B2E498E32CD8DB89004D7110 /* FirebaseRemoteConfig in Frameworks */ = {isa = PBXBuildFile; productRef = B2E498E22CD8DB89004D7110 /* FirebaseRemoteConfig */; };
		B2E498E52CD8DB89004D7110 /* FirebaseStorage in Frameworks */ = {isa = PBXBuildFile; productRef = B2E498E42CD8DB89004D7110 /* FirebaseStorage */; };
		B2E498E72CD8DB89004D7110 /* FirebaseStorageCombine-Community in Frameworks */ = {isa = PBXBuildFile; productRef = B2E498E62CD8DB89004D7110 /* FirebaseStorageCombine-Community */; };
		B2E498E92CD8DB89004D7110 /* FirebaseVertexAI in Frameworks */ = {isa = PBXBuildFile; productRef = B2E498E82CD8DB89004D7110 /* FirebaseVertexAI */; };
		B2E498EB2CD8DBE7004D7110 /* GoogleService-Info.plist in Resources */ = {isa = PBXBuildFile; fileRef = B2E498EA2CD8DBE7004D7110 /* GoogleService-Info.plist */; };
		B2E498EE2CD8DCAD004D7110 /* SignUpView.swift in Sources */ = {isa = PBXBuildFile; fileRef = B2E498ED2CD8DCAD004D7110 /* SignUpView.swift */; };
		B2E498F12CD8DE53004D7110 /* String+Extensions.swift in Sources */ = {isa = PBXBuildFile; fileRef = B2E498F02CD8DE53004D7110 /* String+Extensions.swift */; };
/* End PBXBuildFile section */

/* Begin PBXFileReference section */
		B2E498A82CD8D6FB004D7110 /* Chatz.app */ = {isa = PBXFileReference; explicitFileType = wrapper.application; includeInIndex = 0; path = Chatz.app; sourceTree = BUILT_PRODUCTS_DIR; };
		B2E498AB2CD8D6FB004D7110 /* ChatzApp.swift */ = {isa = PBXFileReference; lastKnownFileType = sourcecode.swift; path = ChatzApp.swift; sourceTree = "<group>"; };
		B2E498AD2CD8D6FB004D7110 /* ContentView.swift */ = {isa = PBXFileReference; lastKnownFileType = sourcecode.swift; path = ContentView.swift; sourceTree = "<group>"; };
		B2E498AF2CD8D6FC004D7110 /* Assets.xcassets */ = {isa = PBXFileReference; lastKnownFileType = folder.assetcatalog; path = Assets.xcassets; sourceTree = "<group>"; };
		B2E498B22CD8D6FC004D7110 /* Preview Assets.xcassets */ = {isa = PBXFileReference; lastKnownFileType = folder.assetcatalog; path = "Preview Assets.xcassets"; sourceTree = "<group>"; };
		B2E498EA2CD8DBE7004D7110 /* GoogleService-Info.plist */ = {isa = PBXFileReference; fileEncoding = 4; lastKnownFileType = text.plist.xml; path = "GoogleService-Info.plist"; sourceTree = "<group>"; };
		B2E498ED2CD8DCAD004D7110 /* SignUpView.swift */ = {isa = PBXFileReference; lastKnownFileType = sourcecode.swift; path = SignUpView.swift; sourceTree = "<group>"; };
		B2E498F02CD8DE53004D7110 /* String+Extensions.swift */ = {isa = PBXFileReference; lastKnownFileType = sourcecode.swift; path = "String+Extensions.swift"; sourceTree = "<group>"; };
/* End PBXFileReference section */

/* Begin PBXFrameworksBuildPhase section */
		B2E498A52CD8D6FB004D7110 /* Frameworks */ = {
			isa = PBXFrameworksBuildPhase;
			buildActionMask = 2147483647;
			files = (
				B2E498D32CD8DB88004D7110 /* FirebaseFirestoreCombine-Community in Frameworks */,
				B2E498E92CD8DB89004D7110 /* FirebaseVertexAI in Frameworks */,
				B2E498D52CD8DB88004D7110 /* FirebaseFunctions in Frameworks */,
				B2E498E12CD8DB89004D7110 /* FirebasePerformance in Frameworks */,
				B2E498E72CD8DB89004D7110 /* FirebaseStorageCombine-Community in Frameworks */,
				B2E498E32CD8DB89004D7110 /* FirebaseRemoteConfig in Frameworks */,
				B2E498CD2CD8DB88004D7110 /* FirebaseDatabase in Frameworks */,
				B2E498CF2CD8DB88004D7110 /* FirebaseDynamicLinks in Frameworks */,
				B2E498C12CD8DB88004D7110 /* FirebaseAppCheck in Frameworks */,
				B2E498C52CD8DB88004D7110 /* FirebaseAuth in Frameworks */,
				B2E498BB2CD8DB88004D7110 /* FirebaseAnalytics in Frameworks */,
				B2E498D12CD8DB88004D7110 /* FirebaseFirestore in Frameworks */,
				B2E498DF2CD8DB89004D7110 /* FirebaseMessaging in Frameworks */,
				B2E498DB2CD8DB89004D7110 /* FirebaseInstallations in Frameworks */,
				B2E498D72CD8DB88004D7110 /* FirebaseFunctionsCombine-Community in Frameworks */,
				B2E498C32CD8DB88004D7110 /* FirebaseAppDistribution-Beta in Frameworks */,
				B2E498BF2CD8DB88004D7110 /* FirebaseAnalyticsWithoutAdIdSupport in Frameworks */,
				B2E498D92CD8DB88004D7110 /* FirebaseInAppMessaging-Beta in Frameworks */,
				B2E498C72CD8DB88004D7110 /* FirebaseAuthCombine-Community in Frameworks */,
				B2E498CB2CD8DB88004D7110 /* FirebaseCrashlytics in Frameworks */,
				B2E498DD2CD8DB89004D7110 /* FirebaseMLModelDownloader in Frameworks */,
				B2E498E52CD8DB89004D7110 /* FirebaseStorage in Frameworks */,
				B2E498C92CD8DB88004D7110 /* FirebaseCore in Frameworks */,
				B2E498BD2CD8DB88004D7110 /* FirebaseAnalyticsOnDeviceConversion in Frameworks */,
			);
			runOnlyForDeploymentPostprocessing = 0;
		};
/* End PBXFrameworksBuildPhase section */

/* Begin PBXGroup section */
		B2E4989F2CD8D6FB004D7110 = {
			isa = PBXGroup;
			children = (
				B2E498AA2CD8D6FB004D7110 /* Chatz */,
				B2E498A92CD8D6FB004D7110 /* Products */,
			);
			sourceTree = "<group>";
		};
		B2E498A92CD8D6FB004D7110 /* Products */ = {
			isa = PBXGroup;
			children = (
				B2E498A82CD8D6FB004D7110 /* Chatz.app */,
			);
			name = Products;
			sourceTree = "<group>";
		};
		B2E498AA2CD8D6FB004D7110 /* Chatz */ = {
			isa = PBXGroup;
			children = (
				B2E498EF2CD8DE48004D7110 /* Extensions */,
				B2E498EC2CD8DC9D004D7110 /* SignUp */,
				B2E498AB2CD8D6FB004D7110 /* ChatzApp.swift */,
				B2E498AD2CD8D6FB004D7110 /* ContentView.swift */,
				B2E498AF2CD8D6FC004D7110 /* Assets.xcassets */,
				B2E498EA2CD8DBE7004D7110 /* GoogleService-Info.plist */,
				B2E498B12CD8D6FC004D7110 /* Preview Content */,
			);
			path = Chatz;
			sourceTree = "<group>";
		};
		B2E498B12CD8D6FC004D7110 /* Preview Content */ = {
			isa = PBXGroup;
			children = (
				B2E498B22CD8D6FC004D7110 /* Preview Assets.xcassets */,
			);
			path = "Preview Content";
			sourceTree = "<group>";
		};
		B2E498EC2CD8DC9D004D7110 /* SignUp */ = {
			isa = PBXGroup;
			children = (
				B2E498ED2CD8DCAD004D7110 /* SignUpView.swift */,
			);
			path = SignUp;
			sourceTree = "<group>";
		};
		B2E498EF2CD8DE48004D7110 /* Extensions */ = {
			isa = PBXGroup;
			children = (
				B2E498F02CD8DE53004D7110 /* String+Extensions.swift */,
			);
			path = Extensions;
			sourceTree = "<group>";
		};
/* End PBXGroup section */

/* Begin PBXNativeTarget section */
		B2E498A72CD8D6FB004D7110 /* Chatz */ = {
			isa = PBXNativeTarget;
			buildConfigurationList = B2E498B62CD8D6FC004D7110 /* Build configuration list for PBXNativeTarget "Chatz" */;
			buildPhases = (
				B2E498A42CD8D6FB004D7110 /* Sources */,
				B2E498A52CD8D6FB004D7110 /* Frameworks */,
				B2E498A62CD8D6FB004D7110 /* Resources */,
			);
			buildRules = (
			);
			dependencies = (
			);
			name = Chatz;
			packageProductDependencies = (
				B2E498BA2CD8DB88004D7110 /* FirebaseAnalytics */,
				B2E498BC2CD8DB88004D7110 /* FirebaseAnalyticsOnDeviceConversion */,
				B2E498BE2CD8DB88004D7110 /* FirebaseAnalyticsWithoutAdIdSupport */,
				B2E498C02CD8DB88004D7110 /* FirebaseAppCheck */,
				B2E498C22CD8DB88004D7110 /* FirebaseAppDistribution-Beta */,
				B2E498C42CD8DB88004D7110 /* FirebaseAuth */,
				B2E498C62CD8DB88004D7110 /* FirebaseAuthCombine-Community */,
				B2E498C82CD8DB88004D7110 /* FirebaseCore */,
				B2E498CA2CD8DB88004D7110 /* FirebaseCrashlytics */,
				B2E498CC2CD8DB88004D7110 /* FirebaseDatabase */,
				B2E498CE2CD8DB88004D7110 /* FirebaseDynamicLinks */,
				B2E498D02CD8DB88004D7110 /* FirebaseFirestore */,
				B2E498D22CD8DB88004D7110 /* FirebaseFirestoreCombine-Community */,
				B2E498D42CD8DB88004D7110 /* FirebaseFunctions */,
				B2E498D62CD8DB88004D7110 /* FirebaseFunctionsCombine-Community */,
				B2E498D82CD8DB88004D7110 /* FirebaseInAppMessaging-Beta */,
				B2E498DA2CD8DB89004D7110 /* FirebaseInstallations */,
				B2E498DC2CD8DB89004D7110 /* FirebaseMLModelDownloader */,
				B2E498DE2CD8DB89004D7110 /* FirebaseMessaging */,
				B2E498E02CD8DB89004D7110 /* FirebasePerformance */,
				B2E498E22CD8DB89004D7110 /* FirebaseRemoteConfig */,
				B2E498E42CD8DB89004D7110 /* FirebaseStorage */,
				B2E498E62CD8DB89004D7110 /* FirebaseStorageCombine-Community */,
				B2E498E82CD8DB89004D7110 /* FirebaseVertexAI */,
			);
			productName = Chatz;
			productReference = B2E498A82CD8D6FB004D7110 /* Chatz.app */;
			productType = "com.apple.product-type.application";
		};
/* End PBXNativeTarget section */

/* Begin PBXProject section */
		B2E498A02CD8D6FB004D7110 /* Project object */ = {
			isa = PBXProject;
			attributes = {
				BuildIndependentTargetsInParallel = 1;
				LastSwiftUpdateCheck = 1500;
				LastUpgradeCheck = 1500;
				TargetAttributes = {
					B2E498A72CD8D6FB004D7110 = {
						CreatedOnToolsVersion = 15.0.1;
					};
				};
			};
			buildConfigurationList = B2E498A32CD8D6FB004D7110 /* Build configuration list for PBXProject "Chatz" */;
			compatibilityVersion = "Xcode 14.0";
			developmentRegion = en;
			hasScannedForEncodings = 0;
			knownRegions = (
				en,
				Base,
			);
			mainGroup = B2E4989F2CD8D6FB004D7110;
			packageReferences = (
				B2E498B92CD8DB88004D7110 /* XCRemoteSwiftPackageReference "firebase-ios-sdk" */,
			);
			productRefGroup = B2E498A92CD8D6FB004D7110 /* Products */;
			projectDirPath = "";
			projectRoot = "";
			targets = (
				B2E498A72CD8D6FB004D7110 /* Chatz */,
			);
		};
/* End PBXProject section */

/* Begin PBXResourcesBuildPhase section */
		B2E498A62CD8D6FB004D7110 /* Resources */ = {
			isa = PBXResourcesBuildPhase;
			buildActionMask = 2147483647;
			files = (
				B2E498B32CD8D6FC004D7110 /* Preview Assets.xcassets in Resources */,
				B2E498B02CD8D6FC004D7110 /* Assets.xcassets in Resources */,
				B2E498EB2CD8DBE7004D7110 /* GoogleService-Info.plist in Resources */,
			);
			runOnlyForDeploymentPostprocessing = 0;
		};
/* End PBXResourcesBuildPhase section */

/* Begin PBXSourcesBuildPhase section */
		B2E498A42CD8D6FB004D7110 /* Sources */ = {
			isa = PBXSourcesBuildPhase;
			buildActionMask = 2147483647;
			files = (
				B2E498F12CD8DE53004D7110 /* String+Extensions.swift in Sources */,
				B2E498AE2CD8D6FB004D7110 /* ContentView.swift in Sources */,
				B2E498EE2CD8DCAD004D7110 /* SignUpView.swift in Sources */,
				B2E498AC2CD8D6FB004D7110 /* ChatzApp.swift in Sources */,
			);
			runOnlyForDeploymentPostprocessing = 0;
		};
/* End PBXSourcesBuildPhase section */

/* Begin XCBuildConfiguration section */
		B2E498B42CD8D6FC004D7110 /* Debug */ = {
			isa = XCBuildConfiguration;
			buildSettings = {
				ALWAYS_SEARCH_USER_PATHS = NO;
				ASSETCATALOG_COMPILER_GENERATE_SWIFT_ASSET_SYMBOL_EXTENSIONS = YES;
				CLANG_ANALYZER_NONNULL = YES;
				CLANG_ANALYZER_NUMBER_OBJECT_CONVERSION = YES_AGGRESSIVE;
				CLANG_CXX_LANGUAGE_STANDARD = "gnu++20";
				CLANG_ENABLE_MODULES = YES;
				CLANG_ENABLE_OBJC_ARC = YES;
				CLANG_ENABLE_OBJC_WEAK = YES;
				CLANG_WARN_BLOCK_CAPTURE_AUTORELEASING = YES;
				CLANG_WARN_BOOL_CONVERSION = YES;
				CLANG_WARN_COMMA = YES;
				CLANG_WARN_CONSTANT_CONVERSION = YES;
				CLANG_WARN_DEPRECATED_OBJC_IMPLEMENTATIONS = YES;
				CLANG_WARN_DIRECT_OBJC_ISA_USAGE = YES_ERROR;
				CLANG_WARN_DOCUMENTATION_COMMENTS = YES;
				CLANG_WARN_EMPTY_BODY = YES;
				CLANG_WARN_ENUM_CONVERSION = YES;
				CLANG_WARN_INFINITE_RECURSION = YES;
				CLANG_WARN_INT_CONVERSION = YES;
				CLANG_WARN_NON_LITERAL_NULL_CONVERSION = YES;
				CLANG_WARN_OBJC_IMPLICIT_RETAIN_SELF = YES;
				CLANG_WARN_OBJC_LITERAL_CONVERSION = YES;
				CLANG_WARN_OBJC_ROOT_CLASS = YES_ERROR;
				CLANG_WARN_QUOTED_INCLUDE_IN_FRAMEWORK_HEADER = YES;
				CLANG_WARN_RANGE_LOOP_ANALYSIS = YES;
				CLANG_WARN_STRICT_PROTOTYPES = YES;
				CLANG_WARN_SUSPICIOUS_MOVE = YES;
				CLANG_WARN_UNGUARDED_AVAILABILITY = YES_AGGRESSIVE;
				CLANG_WARN_UNREACHABLE_CODE = YES;
				CLANG_WARN__DUPLICATE_METHOD_MATCH = YES;
				COPY_PHASE_STRIP = NO;
				DEBUG_INFORMATION_FORMAT = dwarf;
				ENABLE_STRICT_OBJC_MSGSEND = YES;
				ENABLE_TESTABILITY = YES;
				ENABLE_USER_SCRIPT_SANDBOXING = YES;
				GCC_C_LANGUAGE_STANDARD = gnu17;
				GCC_DYNAMIC_NO_PIC = NO;
				GCC_NO_COMMON_BLOCKS = YES;
				GCC_OPTIMIZATION_LEVEL = 0;
				GCC_PREPROCESSOR_DEFINITIONS = (
					"DEBUG=1",
					"$(inherited)",
				);
				GCC_WARN_64_TO_32_BIT_CONVERSION = YES;
				GCC_WARN_ABOUT_RETURN_TYPE = YES_ERROR;
				GCC_WARN_UNDECLARED_SELECTOR = YES;
				GCC_WARN_UNINITIALIZED_AUTOS = YES_AGGRESSIVE;
				GCC_WARN_UNUSED_FUNCTION = YES;
				GCC_WARN_UNUSED_VARIABLE = YES;
				IPHONEOS_DEPLOYMENT_TARGET = 17.0;
				LOCALIZATION_PREFERS_STRING_CATALOGS = YES;
				MTL_ENABLE_DEBUG_INFO = INCLUDE_SOURCE;
				MTL_FAST_MATH = YES;
				ONLY_ACTIVE_ARCH = YES;
				SDKROOT = iphoneos;
				SWIFT_ACTIVE_COMPILATION_CONDITIONS = "DEBUG $(inherited)";
				SWIFT_OPTIMIZATION_LEVEL = "-Onone";
			};
			name = Debug;
		};
		B2E498B52CD8D6FC004D7110 /* Release */ = {
			isa = XCBuildConfiguration;
			buildSettings = {
				ALWAYS_SEARCH_USER_PATHS = NO;
				ASSETCATALOG_COMPILER_GENERATE_SWIFT_ASSET_SYMBOL_EXTENSIONS = YES;
				CLANG_ANALYZER_NONNULL = YES;
				CLANG_ANALYZER_NUMBER_OBJECT_CONVERSION = YES_AGGRESSIVE;
				CLANG_CXX_LANGUAGE_STANDARD = "gnu++20";
				CLANG_ENABLE_MODULES = YES;
				CLANG_ENABLE_OBJC_ARC = YES;
				CLANG_ENABLE_OBJC_WEAK = YES;
				CLANG_WARN_BLOCK_CAPTURE_AUTORELEASING = YES;
				CLANG_WARN_BOOL_CONVERSION = YES;
				CLANG_WARN_COMMA = YES;
				CLANG_WARN_CONSTANT_CONVERSION = YES;
				CLANG_WARN_DEPRECATED_OBJC_IMPLEMENTATIONS = YES;
				CLANG_WARN_DIRECT_OBJC_ISA_USAGE = YES_ERROR;
				CLANG_WARN_DOCUMENTATION_COMMENTS = YES;
				CLANG_WARN_EMPTY_BODY = YES;
				CLANG_WARN_ENUM_CONVERSION = YES;
				CLANG_WARN_INFINITE_RECURSION = YES;
				CLANG_WARN_INT_CONVERSION = YES;
				CLANG_WARN_NON_LITERAL_NULL_CONVERSION = YES;
				CLANG_WARN_OBJC_IMPLICIT_RETAIN_SELF = YES;
				CLANG_WARN_OBJC_LITERAL_CONVERSION = YES;
				CLANG_WARN_OBJC_ROOT_CLASS = YES_ERROR;
				CLANG_WARN_QUOTED_INCLUDE_IN_FRAMEWORK_HEADER = YES;
				CLANG_WARN_RANGE_LOOP_ANALYSIS = YES;
				CLANG_WARN_STRICT_PROTOTYPES = YES;
				CLANG_WARN_SUSPICIOUS_MOVE = YES;
				CLANG_WARN_UNGUARDED_AVAILABILITY = YES_AGGRESSIVE;
				CLANG_WARN_UNREACHABLE_CODE = YES;
				CLANG_WARN__DUPLICATE_METHOD_MATCH = YES;
				COPY_PHASE_STRIP = NO;
				DEBUG_INFORMATION_FORMAT = "dwarf-with-dsym";
				ENABLE_NS_ASSERTIONS = NO;
				ENABLE_STRICT_OBJC_MSGSEND = YES;
				ENABLE_USER_SCRIPT_SANDBOXING = YES;
				GCC_C_LANGUAGE_STANDARD = gnu17;
				GCC_NO_COMMON_BLOCKS = YES;
				GCC_WARN_64_TO_32_BIT_CONVERSION = YES;
				GCC_WARN_ABOUT_RETURN_TYPE = YES_ERROR;
				GCC_WARN_UNDECLARED_SELECTOR = YES;
				GCC_WARN_UNINITIALIZED_AUTOS = YES_AGGRESSIVE;
				GCC_WARN_UNUSED_FUNCTION = YES;
				GCC_WARN_UNUSED_VARIABLE = YES;
				IPHONEOS_DEPLOYMENT_TARGET = 17.0;
				LOCALIZATION_PREFERS_STRING_CATALOGS = YES;
				MTL_ENABLE_DEBUG_INFO = NO;
				MTL_FAST_MATH = YES;
				SDKROOT = iphoneos;
				SWIFT_COMPILATION_MODE = wholemodule;
				VALIDATE_PRODUCT = YES;
			};
			name = Release;
		};
		B2E498B72CD8D6FC004D7110 /* Debug */ = {
			isa = XCBuildConfiguration;
			buildSettings = {
				ASSETCATALOG_COMPILER_APPICON_NAME = AppIcon;
				ASSETCATALOG_COMPILER_GLOBAL_ACCENT_COLOR_NAME = AccentColor;
				CODE_SIGN_STYLE = Automatic;
				CURRENT_PROJECT_VERSION = 1;
				DEVELOPMENT_ASSET_PATHS = "\"Chatz/Preview Content\"";
				DEVELOPMENT_TEAM = B63BRQJKH8;
				ENABLE_PREVIEWS = YES;
				GENERATE_INFOPLIST_FILE = YES;
				INFOPLIST_KEY_UIApplicationSceneManifest_Generation = YES;
				INFOPLIST_KEY_UIApplicationSupportsIndirectInputEvents = YES;
				INFOPLIST_KEY_UILaunchScreen_Generation = YES;
				INFOPLIST_KEY_UISupportedInterfaceOrientations_iPad = "UIInterfaceOrientationPortrait UIInterfaceOrientationPortraitUpsideDown UIInterfaceOrientationLandscapeLeft UIInterfaceOrientationLandscapeRight";
				INFOPLIST_KEY_UISupportedInterfaceOrientations_iPhone = "UIInterfaceOrientationPortrait UIInterfaceOrientationLandscapeLeft UIInterfaceOrientationLandscapeRight";
				LD_RUNPATH_SEARCH_PATHS = (
					"$(inherited)",
					"@executable_path/Frameworks",
				);
				MARKETING_VERSION = 1.0;
				PRODUCT_BUNDLE_IDENTIFIER = theMonk7.Chatz;
				PRODUCT_NAME = "$(TARGET_NAME)";
				SWIFT_EMIT_LOC_STRINGS = YES;
				SWIFT_VERSION = 5.0;
				TARGETED_DEVICE_FAMILY = "1,2";
			};
			name = Debug;
		};
		B2E498B82CD8D6FC004D7110 /* Release */ = {
			isa = XCBuildConfiguration;
			buildSettings = {
				ASSETCATALOG_COMPILER_APPICON_NAME = AppIcon;
				ASSETCATALOG_COMPILER_GLOBAL_ACCENT_COLOR_NAME = AccentColor;
				CODE_SIGN_STYLE = Automatic;
				CURRENT_PROJECT_VERSION = 1;
				DEVELOPMENT_ASSET_PATHS = "\"Chatz/Preview Content\"";
				DEVELOPMENT_TEAM = B63BRQJKH8;
				ENABLE_PREVIEWS = YES;
				GENERATE_INFOPLIST_FILE = YES;
				INFOPLIST_KEY_UIApplicationSceneManifest_Generation = YES;
				INFOPLIST_KEY_UIApplicationSupportsIndirectInputEvents = YES;
				INFOPLIST_KEY_UILaunchScreen_Generation = YES;
				INFOPLIST_KEY_UISupportedInterfaceOrientations_iPad = "UIInterfaceOrientationPortrait UIInterfaceOrientationPortraitUpsideDown UIInterfaceOrientationLandscapeLeft UIInterfaceOrientationLandscapeRight";
				INFOPLIST_KEY_UISupportedInterfaceOrientations_iPhone = "UIInterfaceOrientationPortrait UIInterfaceOrientationLandscapeLeft UIInterfaceOrientationLandscapeRight";
				LD_RUNPATH_SEARCH_PATHS = (
					"$(inherited)",
					"@executable_path/Frameworks",
				);
				MARKETING_VERSION = 1.0;
				PRODUCT_BUNDLE_IDENTIFIER = theMonk7.Chatz;
				PRODUCT_NAME = "$(TARGET_NAME)";
				SWIFT_EMIT_LOC_STRINGS = YES;
				SWIFT_VERSION = 5.0;
				TARGETED_DEVICE_FAMILY = "1,2";
			};
			name = Release;
		};
/* End XCBuildConfiguration section */

/* Begin XCConfigurationList section */
		B2E498A32CD8D6FB004D7110 /* Build configuration list for PBXProject "Chatz" */ = {
			isa = XCConfigurationList;
			buildConfigurations = (
				B2E498B42CD8D6FC004D7110 /* Debug */,
				B2E498B52CD8D6FC004D7110 /* Release */,
			);
			defaultConfigurationIsVisible = 0;
			defaultConfigurationName = Release;
		};
		B2E498B62CD8D6FC004D7110 /* Build configuration list for PBXNativeTarget "Chatz" */ = {
			isa = XCConfigurationList;
			buildConfigurations = (
				B2E498B72CD8D6FC004D7110 /* Debug */,
				B2E498B82CD8D6FC004D7110 /* Release */,
			);
			defaultConfigurationIsVisible = 0;
			defaultConfigurationName = Release;
		};
/* End XCConfigurationList section */

/* Begin XCRemoteSwiftPackageReference section */
		B2E498B92CD8DB88004D7110 /* XCRemoteSwiftPackageReference "firebase-ios-sdk" */ = {
			isa = XCRemoteSwiftPackageReference;
			repositoryURL = "https://github.com/firebase/firebase-ios-sdk.git";
			requirement = {
				kind = upToNextMajorVersion;
				minimumVersion = 11.4.0;
			};
		};
/* End XCRemoteSwiftPackageReference section */

/* Begin XCSwiftPackageProductDependency section */
		B2E498BA2CD8DB88004D7110 /* FirebaseAnalytics */ = {
			isa = XCSwiftPackageProductDependency;
			package = B2E498B92CD8DB88004D7110 /* XCRemoteSwiftPackageReference "firebase-ios-sdk" */;
			productName = FirebaseAnalytics;
		};
		B2E498BC2CD8DB88004D7110 /* FirebaseAnalyticsOnDeviceConversion */ = {
			isa = XCSwiftPackageProductDependency;
			package = B2E498B92CD8DB88004D7110 /* XCRemoteSwiftPackageReference "firebase-ios-sdk" */;
			productName = FirebaseAnalyticsOnDeviceConversion;
		};
		B2E498BE2CD8DB88004D7110 /* FirebaseAnalyticsWithoutAdIdSupport */ = {
			isa = XCSwiftPackageProductDependency;
			package = B2E498B92CD8DB88004D7110 /* XCRemoteSwiftPackageReference "firebase-ios-sdk" */;
			productName = FirebaseAnalyticsWithoutAdIdSupport;
		};
		B2E498C02CD8DB88004D7110 /* FirebaseAppCheck */ = {
			isa = XCSwiftPackageProductDependency;
			package = B2E498B92CD8DB88004D7110 /* XCRemoteSwiftPackageReference "firebase-ios-sdk" */;
			productName = FirebaseAppCheck;
		};
		B2E498C22CD8DB88004D7110 /* FirebaseAppDistribution-Beta */ = {
			isa = XCSwiftPackageProductDependency;
			package = B2E498B92CD8DB88004D7110 /* XCRemoteSwiftPackageReference "firebase-ios-sdk" */;
			productName = "FirebaseAppDistribution-Beta";
		};
		B2E498C42CD8DB88004D7110 /* FirebaseAuth */ = {
			isa = XCSwiftPackageProductDependency;
			package = B2E498B92CD8DB88004D7110 /* XCRemoteSwiftPackageReference "firebase-ios-sdk" */;
			productName = FirebaseAuth;
		};
		B2E498C62CD8DB88004D7110 /* FirebaseAuthCombine-Community */ = {
			isa = XCSwiftPackageProductDependency;
			package = B2E498B92CD8DB88004D7110 /* XCRemoteSwiftPackageReference "firebase-ios-sdk" */;
			productName = "FirebaseAuthCombine-Community";
		};
		B2E498C82CD8DB88004D7110 /* FirebaseCore */ = {
			isa = XCSwiftPackageProductDependency;
			package = B2E498B92CD8DB88004D7110 /* XCRemoteSwiftPackageReference "firebase-ios-sdk" */;
			productName = FirebaseCore;
		};
		B2E498CA2CD8DB88004D7110 /* FirebaseCrashlytics */ = {
			isa = XCSwiftPackageProductDependency;
			package = B2E498B92CD8DB88004D7110 /* XCRemoteSwiftPackageReference "firebase-ios-sdk" */;
			productName = FirebaseCrashlytics;
		};
		B2E498CC2CD8DB88004D7110 /* FirebaseDatabase */ = {
			isa = XCSwiftPackageProductDependency;
			package = B2E498B92CD8DB88004D7110 /* XCRemoteSwiftPackageReference "firebase-ios-sdk" */;
			productName = FirebaseDatabase;
		};
		B2E498CE2CD8DB88004D7110 /* FirebaseDynamicLinks */ = {
			isa = XCSwiftPackageProductDependency;
			package = B2E498B92CD8DB88004D7110 /* XCRemoteSwiftPackageReference "firebase-ios-sdk" */;
			productName = FirebaseDynamicLinks;
		};
		B2E498D02CD8DB88004D7110 /* FirebaseFirestore */ = {
			isa = XCSwiftPackageProductDependency;
			package = B2E498B92CD8DB88004D7110 /* XCRemoteSwiftPackageReference "firebase-ios-sdk" */;
			productName = FirebaseFirestore;
		};
		B2E498D22CD8DB88004D7110 /* FirebaseFirestoreCombine-Community */ = {
			isa = XCSwiftPackageProductDependency;
			package = B2E498B92CD8DB88004D7110 /* XCRemoteSwiftPackageReference "firebase-ios-sdk" */;
			productName = "FirebaseFirestoreCombine-Community";
		};
		B2E498D42CD8DB88004D7110 /* FirebaseFunctions */ = {
			isa = XCSwiftPackageProductDependency;
			package = B2E498B92CD8DB88004D7110 /* XCRemoteSwiftPackageReference "firebase-ios-sdk" */;
			productName = FirebaseFunctions;
		};
		B2E498D62CD8DB88004D7110 /* FirebaseFunctionsCombine-Community */ = {
			isa = XCSwiftPackageProductDependency;
			package = B2E498B92CD8DB88004D7110 /* XCRemoteSwiftPackageReference "firebase-ios-sdk" */;
			productName = "FirebaseFunctionsCombine-Community";
		};
		B2E498D82CD8DB88004D7110 /* FirebaseInAppMessaging-Beta */ = {
			isa = XCSwiftPackageProductDependency;
			package = B2E498B92CD8DB88004D7110 /* XCRemoteSwiftPackageReference "firebase-ios-sdk" */;
			productName = "FirebaseInAppMessaging-Beta";
		};
		B2E498DA2CD8DB89004D7110 /* FirebaseInstallations */ = {
			isa = XCSwiftPackageProductDependency;
			package = B2E498B92CD8DB88004D7110 /* XCRemoteSwiftPackageReference "firebase-ios-sdk" */;
			productName = FirebaseInstallations;
		};
		B2E498DC2CD8DB89004D7110 /* FirebaseMLModelDownloader */ = {
			isa = XCSwiftPackageProductDependency;
			package = B2E498B92CD8DB88004D7110 /* XCRemoteSwiftPackageReference "firebase-ios-sdk" */;
			productName = FirebaseMLModelDownloader;
		};
		B2E498DE2CD8DB89004D7110 /* FirebaseMessaging */ = {
			isa = XCSwiftPackageProductDependency;
			package = B2E498B92CD8DB88004D7110 /* XCRemoteSwiftPackageReference "firebase-ios-sdk" */;
			productName = FirebaseMessaging;
		};
		B2E498E02CD8DB89004D7110 /* FirebasePerformance */ = {
			isa = XCSwiftPackageProductDependency;
			package = B2E498B92CD8DB88004D7110 /* XCRemoteSwiftPackageReference "firebase-ios-sdk" */;
			productName = FirebasePerformance;
		};
		B2E498E22CD8DB89004D7110 /* FirebaseRemoteConfig */ = {
			isa = XCSwiftPackageProductDependency;
			package = B2E498B92CD8DB88004D7110 /* XCRemoteSwiftPackageReference "firebase-ios-sdk" */;
			productName = FirebaseRemoteConfig;
		};
		B2E498E42CD8DB89004D7110 /* FirebaseStorage */ = {
			isa = XCSwiftPackageProductDependency;
			package = B2E498B92CD8DB88004D7110 /* XCRemoteSwiftPackageReference "firebase-ios-sdk" */;
			productName = FirebaseStorage;
		};
		B2E498E62CD8DB89004D7110 /* FirebaseStorageCombine-Community */ = {
			isa = XCSwiftPackageProductDependency;
			package = B2E498B92CD8DB88004D7110 /* XCRemoteSwiftPackageReference "firebase-ios-sdk" */;
			productName = "FirebaseStorageCombine-Community";
		};
		B2E498E82CD8DB89004D7110 /* FirebaseVertexAI */ = {
			isa = XCSwiftPackageProductDependency;
			package = B2E498B92CD8DB88004D7110 /* XCRemoteSwiftPackageReference "firebase-ios-sdk" */;
			productName = FirebaseVertexAI;
		};
/* End XCSwiftPackageProductDependency section */
	};
	rootObject = B2E498A02CD8D6FB004D7110 /* Project object */;
}
